<?xml version="1.0" encoding="utf-8"?>
<Project ToolsVersion="4.0" xmlns="http://schemas.microsoft.com/developer/msbuild/2003">
  <ItemGroup>
    <Filter Include="Source Files">
      <UniqueIdentifier>{4FC737F1-C7A5-4376-A066-2A32D752A2FF}</UniqueIdentifier>
      <Extensions>cpp;c;cc;cxx;def;odl;idl;hpj;bat;asm;asmx</Extensions>
    </Filter>
    <Filter Include="Header Files">
      <UniqueIdentifier>{93995380-89BD-4b04-88EB-625FBE52EBFB}</UniqueIdentifier>
      <Extensions>h;hh;hpp;hxx;hm;inl;inc;ipp;xsd</Extensions>
    </Filter>
    <Filter Include="Resource Files">
      <UniqueIdentifier>{67DA6AB6-F800-4c08-8B7A-83BB121AAD01}</UniqueIdentifier>
      <Extensions>rc;ico;cur;bmp;dlg;rc2;rct;bin;rgs;gif;jpg;jpeg;jpe;resx;tiff;tif;png;wav;mfcribbon-ms</Extensions>
    </Filter>
    <Filter Include="Shaders">
      <UniqueIdentifier>{e072d13a-e169-4f59-911e-6524c0dbe65e}</UniqueIdentifier>
    </Filter>
    <Filter Include="Header Files\GameObjStucture">
      <UniqueIdentifier>{ef718a6c-d296-4f28-8844-8b8c43925c8a}</UniqueIdentifier>
    </Filter>
    <Filter Include="Header Files\Math">
      <UniqueIdentifier>{e48758c5-f250-4f64-91df-c6013730931c}</UniqueIdentifier>
    </Filter>
    <Filter Include="Header Files\Exception">
      <UniqueIdentifier>{2d6f18b7-0c48-4883-9b8b-0fb0afb78e27}</UniqueIdentifier>
    </Filter>
    <Filter Include="Source Files\Exception">
      <UniqueIdentifier>{e1c33896-7c02-4f55-99f9-2f17ce90a234}</UniqueIdentifier>
    </Filter>
    <Filter Include="Header Files\Timing">
      <UniqueIdentifier>{268b1e2b-b58c-442f-ac20-5e4d49421aff}</UniqueIdentifier>
    </Filter>
    <Filter Include="Source Files\Timing">
      <UniqueIdentifier>{1e2dc4f3-271f-4af6-92fe-86002094917d}</UniqueIdentifier>
    </Filter>
    <Filter Include="Source Files\GameObjStructure">
      <UniqueIdentifier>{f216bfb0-5299-4197-aadc-1f18929b8626}</UniqueIdentifier>
    </Filter>
    <Filter Include="Header Files\GameObjStucture\Geometries">
      <UniqueIdentifier>{1b4bc2e8-ac54-45ee-ace5-c65f4817c9af}</UniqueIdentifier>
    </Filter>
    <Filter Include="Header Files\DataTypes">
      <UniqueIdentifier>{a2677ae7-49b0-48fd-9398-e269f459186b}</UniqueIdentifier>
    </Filter>
    <Filter Include="Header Files\Enums">
      <UniqueIdentifier>{860cb4b5-c14b-4468-996d-8393b683aae9}</UniqueIdentifier>
    </Filter>
    <Filter Include="Header Files\Miscellaneous">
      <UniqueIdentifier>{d8ec54a9-66d7-4f6e-8ccc-3ec66597135e}</UniqueIdentifier>
    </Filter>
    <Filter Include="Header Files\GameObjStucture\Material">
      <UniqueIdentifier>{72772824-b58f-41b1-a9d8-cf7a6bafdc72}</UniqueIdentifier>
    </Filter>
    <Filter Include="Header Files\GameObjStucture\Mesh">
      <UniqueIdentifier>{94ee4c5b-b3fb-462c-99d9-21c3764d675e}</UniqueIdentifier>
    </Filter>
    <Filter Include="Shaders\Phong-Blinn">
      <UniqueIdentifier>{cb022c33-461d-469d-b0cd-ca1474b6521b}</UniqueIdentifier>
    </Filter>
    <Filter Include="Shaders\PN-Triangles">
      <UniqueIdentifier>{9651d339-6039-48bb-a4eb-179e983eac56}</UniqueIdentifier>
    </Filter>
    <Filter Include="Shaders\FullScreenQuadPT">
      <UniqueIdentifier>{906c222d-ca6f-43c2-bd72-e4f81f368511}</UniqueIdentifier>
    </Filter>
    <Filter Include="Shaders\ShadowMap-Directional">
      <UniqueIdentifier>{b6f5910b-e71e-4281-9dc5-c97d4e654c10}</UniqueIdentifier>
    </Filter>
    <Filter Include="Header Files\Camera">
      <UniqueIdentifier>{8028ffc2-a4ef-49dc-a846-917c8cc7392d}</UniqueIdentifier>
    </Filter>
  </ItemGroup>
  <ItemGroup>
    <ClCompile Include="SystemClass.cpp">
      <Filter>Source Files</Filter>
    </ClCompile>
    <ClCompile Include="main.cpp">
      <Filter>Source Files</Filter>
    </ClCompile>
    <ClCompile Include="InputClass.cpp">
      <Filter>Source Files</Filter>
    </ClCompile>
    <ClCompile Include="Graphics.cpp">
      <Filter>Source Files</Filter>
    </ClCompile>
    <ClCompile Include="HResultException.cpp">
      <Filter>Source Files\Exception</Filter>
    </ClCompile>
    <ClCompile Include="Timer.cpp">
      <Filter>Source Files\Timing</Filter>
    </ClCompile>
    <ClCompile Include="CBufferNotFoundException.cpp">
      <Filter>Source Files\Exception</Filter>
    </ClCompile>
    <ClCompile Include="Texture.cpp">
      <Filter>Source Files</Filter>
    </ClCompile>
    <ClCompile Include="Mesh.cpp">
      <Filter>Source Files\GameObjStructure</Filter>
    </ClCompile>
    <ClCompile Include="pch.cpp">
      <Filter>Source Files</Filter>
    </ClCompile>
    <ClCompile Include="RenderTargetTexture.cpp">
      <Filter>Source Files</Filter>
    </ClCompile>
    <ClCompile Include="FullScreenQuadObject.cpp">
      <Filter>Source Files</Filter>
    </ClCompile>
    <ClCompile Include="Light.cpp">
      <Filter>Source Files</Filter>
    </ClCompile>
    <ClCompile Include="DirectionalLight.cpp">
      <Filter>Source Files</Filter>
    </ClCompile>
    <ClCompile Include="Objects\GameObject.cpp">
      <Filter>Source Files\GameObjStructure</Filter>
    </ClCompile>
    <ClCompile Include="Objects\FloorObject.cpp">
      <Filter>Source Files</Filter>
    </ClCompile>
    <ClCompile Include="Objects\BallObject.cpp">
      <Filter>Source Files</Filter>
    </ClCompile>
    <ClCompile Include="ImGui\imgui.cpp">
      <Filter>Source Files</Filter>
    </ClCompile>
    <ClCompile Include="ImGui\imgui_draw.cpp">
      <Filter>Source Files</Filter>
    </ClCompile>
    <ClCompile Include="ImGui\imgui_impl_dx11.cpp">
      <Filter>Source Files</Filter>
    </ClCompile>
    <ClCompile Include="ImGui\imgui_impl_win32.cpp">
      <Filter>Source Files</Filter>
    </ClCompile>
    <ClCompile Include="ImGui\imgui_widgets.cpp">
      <Filter>Source Files</Filter>
    </ClCompile>
    <ClCompile Include="BallSet.cpp">
      <Filter>Source Files</Filter>
    </ClCompile>
    <ClCompile Include="Renderable.cpp">
      <Filter>Source Files</Filter>
    </ClCompile>
    <ClCompile Include="Pipeline.cpp">
      <Filter>Source Files</Filter>
    </ClCompile>
    <ClCompile Include="Objects\SnookerTableObject.cpp">
      <Filter>Source Files</Filter>
    </ClCompile>
    <ClCompile Include="Objects\WhiteBallObject.cpp">
      <Filter>Source Files</Filter>
    </ClCompile>
    <ClCompile Include="Objects\ArmchairObject.cpp">
      <Filter>Source Files</Filter>
    </ClCompile>
    <ClCompile Include="Camera.cpp">
      <Filter>Header Files\Camera</Filter>
    </ClCompile>
    <ClCompile Include="PerspectiveCamera.cpp">
      <Filter>Header Files\Camera</Filter>
    </ClCompile>
    <ClCompile Include="OrtographicCamera.cpp">
      <Filter>Header Files\Camera</Filter>
    </ClCompile>
    <ClCompile Include="Animatable.cpp">
      <Filter>Source Files</Filter>
    </ClCompile>
    <ClCompile Include="AxisAlignedBoundingBox.cpp">
      <Filter>Source Files</Filter>
    </ClCompile>
  </ItemGroup>
  <ItemGroup>
    <ClInclude Include="SystemClass.h">
      <Filter>Header Files</Filter>
    </ClInclude>
    <ClInclude Include="InputClass.h">
      <Filter>Header Files</Filter>
    </ClInclude>
    <ClInclude Include="Graphics.h">
      <Filter>Header Files</Filter>
    </ClInclude>
    <ClInclude Include="SimpleDXMath.h">
      <Filter>Header Files\Math</Filter>
    </ClInclude>
    <ClInclude Include="HResultException.h">
      <Filter>Header Files\Exception</Filter>
    </ClInclude>
    <ClInclude Include="Timer.h">
      <Filter>Header Files\Timing</Filter>
    </ClInclude>
    <ClInclude Include="Geometry.h">
      <Filter>Header Files\GameObjStucture\Geometries</Filter>
    </ClInclude>
    <ClInclude Include="QuadGeometry.h">
      <Filter>Header Files\GameObjStucture\Geometries</Filter>
    </ClInclude>
    <ClInclude Include="VertexDataType.h">
      <Filter>Header Files\DataTypes</Filter>
    </ClInclude>
    <ClInclude Include="CBufferDataType.h">
      <Filter>Header Files\DataTypes</Filter>
    </ClInclude>
    <ClInclude Include="SharedEnums.h">
      <Filter>Header Files\Enums</Filter>
    </ClInclude>
    <ClInclude Include="CBufferNotFoundException.h">
      <Filter>Header Files\Exception</Filter>
    </ClInclude>
    <ClInclude Include="Logger.h">
      <Filter>Header Files\Miscellaneous</Filter>
    </ClInclude>
    <ClInclude Include="Texture.h">
      <Filter>Header Files</Filter>
    </ClInclude>
    <ClInclude Include="Mesh.h">
      <Filter>Header Files\GameObjStucture\Mesh</Filter>
    </ClInclude>
    <ClInclude Include="AssimpModel.h">
      <Filter>Header Files\GameObjStucture\Geometries</Filter>
    </ClInclude>
    <ClInclude Include="pch.h">
      <Filter>Header Files</Filter>
    </ClInclude>
    <ClInclude Include="RenderTargetTexture.h">
      <Filter>Header Files</Filter>
    </ClInclude>
    <ClInclude Include="FullScreenQuadObject.h">
      <Filter>Header Files</Filter>
    </ClInclude>
    <ClInclude Include="FullScreenQuadGeometry.h">
      <Filter>Header Files\GameObjStucture\Geometries</Filter>
    </ClInclude>
    <ClInclude Include="Light.h">
      <Filter>Header Files</Filter>
    </ClInclude>
    <ClInclude Include="DirectionalLight.h">
      <Filter>Header Files</Filter>
    </ClInclude>
    <ClInclude Include="Objects\FloorObject.h">
      <Filter>Header Files</Filter>
    </ClInclude>
    <ClInclude Include="Objects\GameObject.h">
      <Filter>Header Files\GameObjStucture</Filter>
    </ClInclude>
    <ClInclude Include="Objects\BallObject.h">
      <Filter>Header Files</Filter>
    </ClInclude>
    <ClInclude Include="AssimpMultiModel.h">
      <Filter>Header Files\GameObjStucture\Geometries</Filter>
    </ClInclude>
    <ClInclude Include="Positions.h">
      <Filter>Header Files</Filter>
    </ClInclude>
    <ClInclude Include="Resources.h">
      <Filter>Header Files</Filter>
    </ClInclude>
    <ClInclude Include="ImGui\imstb_truetype.h">
      <Filter>Header Files</Filter>
    </ClInclude>
    <ClInclude Include="ImGui\imconfig.h">
      <Filter>Header Files</Filter>
    </ClInclude>
    <ClInclude Include="ImGui\imgui.h">
      <Filter>Header Files</Filter>
    </ClInclude>
    <ClInclude Include="ImGui\imgui_impl_dx11.h">
      <Filter>Header Files</Filter>
    </ClInclude>
    <ClInclude Include="ImGui\imgui_impl_win32.h">
      <Filter>Header Files</Filter>
    </ClInclude>
    <ClInclude Include="ImGui\imgui_internal.h">
      <Filter>Header Files</Filter>
    </ClInclude>
    <ClInclude Include="ImGui\imstb_rectpack.h">
      <Filter>Header Files</Filter>
    </ClInclude>
    <ClInclude Include="ImGui\imstb_textedit.h">
      <Filter>Header Files</Filter>
    </ClInclude>
    <ClInclude Include="BallSet.h">
      <Filter>Header Files</Filter>
    </ClInclude>
    <ClInclude Include="Renderable.h">
      <Filter>Header Files</Filter>
    </ClInclude>
    <ClInclude Include="Pipeline.h">
      <Filter>Header Files</Filter>
    </ClInclude>
    <ClInclude Include="Objects\SnookerTableObject.h">
      <Filter>Header Files</Filter>
    </ClInclude>
    <ClInclude Include="Objects\WhiteBallObject.h">
      <Filter>Header Files</Filter>
    </ClInclude>
    <ClInclude Include="Objects\ArmchairObject.h">
      <Filter>Header Files</Filter>
    </ClInclude>
    <ClInclude Include="Camera.h">
      <Filter>Header Files\Camera</Filter>
    </ClInclude>
    <ClInclude Include="OrtographicCamera.h">
      <Filter>Header Files\Camera</Filter>
    </ClInclude>
    <ClInclude Include="PerspectiveCamera.h">
      <Filter>Header Files\Camera</Filter>
    </ClInclude>
    <ClInclude Include="Animatable.h">
      <Filter>Header Files</Filter>
    </ClInclude>
    <ClInclude Include="AxisAlignedBoundingBox.h">
      <Filter>Header Files</Filter>
    </ClInclude>
  </ItemGroup>
  <ItemGroup>
    <FxCompile Include="Shaders\FullScreenQuadPT\ps.hlsl" />
    <FxCompile Include="Shaders\FullScreenQuadPT\vs.hlsl" />
    <FxCompile Include="Shaders\Phong-Blinn\vs.hlsl">
      <Filter>Shaders\Phong-Blinn</Filter>
    </FxCompile>
    <FxCompile Include="Shaders\Phong-Blinn\ps.hlsl">
      <Filter>Shaders\Phong-Blinn</Filter>
    </FxCompile>
    <FxCompile Include="Shaders\PN-Triangles\ds.hlsl">
      <Filter>Shaders\PN-Triangles</Filter>
    </FxCompile>
    <FxCompile Include="Shaders\PN-Triangles\hs.hlsl">
      <Filter>Shaders\PN-Triangles</Filter>
    </FxCompile>
    <FxCompile Include="Shaders\PN-Triangles\ps.hlsl">
      <Filter>Shaders\PN-Triangles</Filter>
    </FxCompile>
    <FxCompile Include="Shaders\PN-Triangles\vs.hlsl">
      <Filter>Shaders\PN-Triangles</Filter>
    </FxCompile>
    <FxCompile Include="Shaders\ShadowMap-Directional\vs.hlsl" />
    <FxCompile Include="Shaders\ShadowMap-Directional\ps.hlsl" />
    <FxCompile Include="Shaders\Ball-HWTessellationWithLoD\ds.hlsl" />
    <FxCompile Include="Shaders\Ball-HWTessellationWithLoD\hs.hlsl" />
    <FxCompile Include="Shaders\Ball-HWTessellationWithLoD\ps.hlsl" />
    <FxCompile Include="Shaders\Ball-HWTessellationWithLoD\vs.hlsl" />
    <FxCompile Include="Shaders\BezierQuad\ds.hlsl" />
    <FxCompile Include="Shaders\BezierQuad\hs.hlsl" />
    <FxCompile Include="Shaders\BezierQuad\ps.hlsl" />
    <FxCompile Include="Shaders\BezierQuad\vs.hlsl" />
  </ItemGroup>
  <ItemGroup>
    <None Include="packages.config" />
    <None Include="Shaders\PN-Triangles\DS_PS_transfer.hlsli">
      <Filter>Shaders\PN-Triangles</Filter>
    </None>
    <None Include="Shaders\PN-Triangles\HS_DS_transfer.hlsli">
      <Filter>Shaders\PN-Triangles</Filter>
    </None>
    <None Include="Shaders\PN-Triangles\VS_HS_transfer.hlsli">
      <Filter>Shaders\PN-Triangles</Filter>
    </None>
    <None Include="Shaders\FullScreenQuadPT\vs_ps_transfer.hlsli" />
    <None Include="Shaders\Phong-Blinn\vs_ps_transfer.hlsli">
      <Filter>Shaders\Phong-Blinn</Filter>
    </None>
    <None Include="Shaders\ShadowMap-Directional\vs_ps_transfer.hlsli" />
    <None Include="Shaders\Ball-HWTessellationWithLoD\ds_ps_transfer.hlsli" />
    <None Include="Shaders\Ball-HWTessellationWithLoD\hs_ds_transfer.hlsli" />
    <None Include="Shaders\Ball-HWTessellationWithLoD\vs_hs_transfer.hlsli" />
    <None Include="Shaders\BezierQuad\vs_hs_transfer.hlsli" />
    <None Include="Shaders\BezierQuad\hs_ds_transfer.hlsli" />
    <None Include="Shaders\BezierQuad\ds_ps_transfer.hlsli" />
  </ItemGroup>
</Project>